
Microsoft Visual Studio Solution File, Format Version 12.00
# Visual Studio 2013
VisualStudioVersion = 12.0.31101.0
MinimumVisualStudioVersion = 10.0.40219.1
Project("{FAE04EC0-301F-11D3-BF4B-00C04F79EFBC}") = "Speeching", "Speeching\Speeching.csproj", "{92B6B398-AA7D-4564-AC24-321B427B00BF}"
	ProjectSection(ProjectDependencies) = postProject
		{C25A361B-3411-41E0-8F72-ADD48A9A4AF0} = {C25A361B-3411-41E0-8F72-ADD48A9A4AF0}
		{99CD8824-F0C2-4274-B68A-6D41E225189A} = {99CD8824-F0C2-4274-B68A-6D41E225189A}
		{7019FA8E-B964-451A-B325-6E0E7143FA2C} = {7019FA8E-B964-451A-B325-6E0E7143FA2C}
	EndProjectSection
EndProject
Project("{FAE04EC0-301F-11D3-BF4B-00C04F79EFBC}") = "Crowd.Model", "Crowd.Model\Crowd.Model.csproj", "{7ECB67BC-DBF2-457E-B183-7BCD72F6CDEE}"
EndProject
Project("{FAE04EC0-301F-11D3-BF4B-00C04F79EFBC}") = "Crowd.Presenter", "Crowd.Presenter\Crowd.Presenter.csproj", "{C25A361B-3411-41E0-8F72-ADD48A9A4AF0}"
	ProjectSection(ProjectDependencies) = postProject
		{99CD8824-F0C2-4274-B68A-6D41E225189A} = {99CD8824-F0C2-4274-B68A-6D41E225189A}
		{7019FA8E-B964-451A-B325-6E0E7143FA2C} = {7019FA8E-B964-451A-B325-6E0E7143FA2C}
		{7ECB67BC-DBF2-457E-B183-7BCD72F6CDEE} = {7ECB67BC-DBF2-457E-B183-7BCD72F6CDEE}
	EndProjectSection
EndProject
Project("{FAE04EC0-301F-11D3-BF4B-00C04F79EFBC}") = "Crowd.View", "Crowd.View\Crowd.View.csproj", "{7019FA8E-B964-451A-B325-6E0E7143FA2C}"
EndProject
Project("{FAE04EC0-301F-11D3-BF4B-00C04F79EFBC}") = "Crowd.Servicec", "Crowd.Service\Crowd.Servicec.csproj", "{D64DABF1-3500-4AF1-B853-427FC76F708D}"
EndProject
Project("{FAE04EC0-301F-11D3-BF4B-00C04F79EFBC}") = "Crowd.Service", "Crowd.Service\Crowd.Service.csproj", "{99CD8824-F0C2-4274-B68A-6D41E225189A}"
	ProjectSection(ProjectDependencies) = postProject
		{7ECB67BC-DBF2-457E-B183-7BCD72F6CDEE} = {7ECB67BC-DBF2-457E-B183-7BCD72F6CDEE}
	EndProjectSection
EndProject
Project("{2150E333-8FDC-42A3-9474-1A3956D46DE8}") = "Administrator", "Administrator", "{1F1256A5-CB2E-48C4-B0BF-5D8B0AFF2AA0}"
EndProject
Project("{FAE04EC0-301F-11D3-BF4B-00C04F79EFBC}") = "Admin", "Admin\Admin.csproj", "{F8F0AB08-01A3-41EC-BF76-C8AC186593D8}"
EndProject
Project("{FAE04EC0-301F-11D3-BF4B-00C04F79EFBC}") = "Admin.View", "Admin.View\Admin.View.csproj", "{D886EBE3-89F5-42C8-9CEB-094A733DAD96}"
EndProject
Project("{FAE04EC0-301F-11D3-BF4B-00C04F79EFBC}") = "Admin.Presenter", "Admin.Presenter\Admin.Presenter.csproj", "{DE5A05BE-4F34-47FB-A2FC-E175D210C927}"
EndProject
Project("{FAE04EC0-301F-11D3-BF4B-00C04F79EFBC}") = "Admin.Model", "Admin.Model\Admin.Model.csproj", "{86B3D25D-EA2F-4657-AECE-A34AD0AC9F7D}"
EndProject
Global
	GlobalSection(SolutionConfigurationPlatforms) = preSolution
		Debug|Any CPU = Debug|Any CPU
		Release|Any CPU = Release|Any CPU
	EndGlobalSection
	GlobalSection(ProjectConfigurationPlatforms) = postSolution
		{92B6B398-AA7D-4564-AC24-321B427B00BF}.Debug|Any CPU.ActiveCfg = Debug|Any CPU
		{92B6B398-AA7D-4564-AC24-321B427B00BF}.Debug|Any CPU.Build.0 = Debug|Any CPU
		{92B6B398-AA7D-4564-AC24-321B427B00BF}.Release|Any CPU.ActiveCfg = Release|Any CPU
		{92B6B398-AA7D-4564-AC24-321B427B00BF}.Release|Any CPU.Build.0 = Release|Any CPU
		{7ECB67BC-DBF2-457E-B183-7BCD72F6CDEE}.Debug|Any CPU.ActiveCfg = Debug|Any CPU
		{7ECB67BC-DBF2-457E-B183-7BCD72F6CDEE}.Debug|Any CPU.Build.0 = Debug|Any CPU
		{7ECB67BC-DBF2-457E-B183-7BCD72F6CDEE}.Release|Any CPU.ActiveCfg = Release|Any CPU
		{7ECB67BC-DBF2-457E-B183-7BCD72F6CDEE}.Release|Any CPU.Build.0 = Release|Any CPU
		{C25A361B-3411-41E0-8F72-ADD48A9A4AF0}.Debug|Any CPU.ActiveCfg = Debug|Any CPU
		{C25A361B-3411-41E0-8F72-ADD48A9A4AF0}.Debug|Any CPU.Build.0 = Debug|Any CPU
		{C25A361B-3411-41E0-8F72-ADD48A9A4AF0}.Release|Any CPU.ActiveCfg = Release|Any CPU
		{C25A361B-3411-41E0-8F72-ADD48A9A4AF0}.Release|Any CPU.Build.0 = Release|Any CPU
		{7019FA8E-B964-451A-B325-6E0E7143FA2C}.Debug|Any CPU.ActiveCfg = Debug|Any CPU
		{7019FA8E-B964-451A-B325-6E0E7143FA2C}.Debug|Any CPU.Build.0 = Debug|Any CPU
		{7019FA8E-B964-451A-B325-6E0E7143FA2C}.Release|Any CPU.ActiveCfg = Release|Any CPU
		{7019FA8E-B964-451A-B325-6E0E7143FA2C}.Release|Any CPU.Build.0 = Release|Any CPU
		{D64DABF1-3500-4AF1-B853-427FC76F708D}.Debug|Any CPU.ActiveCfg = Debug|Any CPU
		{D64DABF1-3500-4AF1-B853-427FC76F708D}.Debug|Any CPU.Build.0 = Debug|Any CPU
		{D64DABF1-3500-4AF1-B853-427FC76F708D}.Release|Any CPU.ActiveCfg = Release|Any CPU
		{D64DABF1-3500-4AF1-B853-427FC76F708D}.Release|Any CPU.Build.0 = Release|Any CPU
		{99CD8824-F0C2-4274-B68A-6D41E225189A}.Debug|Any CPU.ActiveCfg = Debug|Any CPU
		{99CD8824-F0C2-4274-B68A-6D41E225189A}.Debug|Any CPU.Build.0 = Debug|Any CPU
		{99CD8824-F0C2-4274-B68A-6D41E225189A}.Release|Any CPU.ActiveCfg = Release|Any CPU
		{99CD8824-F0C2-4274-B68A-6D41E225189A}.Release|Any CPU.Build.0 = Release|Any CPU
		{F8F0AB08-01A3-41EC-BF76-C8AC186593D8}.Debug|Any CPU.ActiveCfg = Debug|Any CPU
		{F8F0AB08-01A3-41EC-BF76-C8AC186593D8}.Debug|Any CPU.Build.0 = Debug|Any CPU
		{F8F0AB08-01A3-41EC-BF76-C8AC186593D8}.Release|Any CPU.ActiveCfg = Release|Any CPU
		{F8F0AB08-01A3-41EC-BF76-C8AC186593D8}.Release|Any CPU.Build.0 = Release|Any CPU
		{D886EBE3-89F5-42C8-9CEB-094A733DAD96}.Debug|Any CPU.ActiveCfg = Debug|Any CPU
		{D886EBE3-89F5-42C8-9CEB-094A733DAD96}.Debug|Any CPU.Build.0 = Debug|Any CPU
		{D886EBE3-89F5-42C8-9CEB-094A733DAD96}.Release|Any CPU.ActiveCfg = Release|Any CPU
		{D886EBE3-89F5-42C8-9CEB-094A733DAD96}.Release|Any CPU.Build.0 = Release|Any CPU
		{DE5A05BE-4F34-47FB-A2FC-E175D210C927}.Debug|Any CPU.ActiveCfg = Debug|Any CPU
		{DE5A05BE-4F34-47FB-A2FC-E175D210C927}.Debug|Any CPU.Build.0 = Debug|Any CPU
		{DE5A05BE-4F34-47FB-A2FC-E175D210C927}.Release|Any CPU.ActiveCfg = Release|Any CPU
		{DE5A05BE-4F34-47FB-A2FC-E175D210C927}.Release|Any CPU.Build.0 = Release|Any CPU
		{86B3D25D-EA2F-4657-AECE-A34AD0AC9F7D}.Debug|Any CPU.ActiveCfg = Debug|Any CPU
		{86B3D25D-EA2F-4657-AECE-A34AD0AC9F7D}.Debug|Any CPU.Build.0 = Debug|Any CPU
		{86B3D25D-EA2F-4657-AECE-A34AD0AC9F7D}.Release|Any CPU.ActiveCfg = Release|Any CPU
		{86B3D25D-EA2F-4657-AECE-A34AD0AC9F7D}.Release|Any CPU.Build.0 = Release|Any CPU
	EndGlobalSection
	GlobalSection(SolutionProperties) = preSolution
		HideSolutionNode = FALSE
	EndGlobalSection
	GlobalSection(NestedProjects) = preSolution
		{F8F0AB08-01A3-41EC-BF76-C8AC186593D8} = {1F1256A5-CB2E-48C4-B0BF-5D8B0AFF2AA0}
		{D886EBE3-89F5-42C8-9CEB-094A733DAD96} = {1F1256A5-CB2E-48C4-B0BF-5D8B0AFF2AA0}
		{DE5A05BE-4F34-47FB-A2FC-E175D210C927} = {1F1256A5-CB2E-48C4-B0BF-5D8B0AFF2AA0}
		{86B3D25D-EA2F-4657-AECE-A34AD0AC9F7D} = {1F1256A5-CB2E-48C4-B0BF-5D8B0AFF2AA0}
	EndGlobalSection
EndGlobal
