
Microsoft Visual Studio Solution File, Format Version 12.00
# Visual Studio 2013
VisualStudioVersion = 12.0.31101.0
MinimumVisualStudioVersion = 10.0.40219.1
Project("{FAE04EC0-301F-11D3-BF4B-00C04F79EFBC}") = "Speeching", "Speeching\Speeching.csproj", "{92B6B398-AA7D-4564-AC24-321B427B00BF}"
	ProjectSection(ProjectDependencies) = postProject
		{C25A361B-3411-41E0-8F72-ADD48A9A4AF0} = {C25A361B-3411-41E0-8F72-ADD48A9A4AF0}
		{99CD8824-F0C2-4274-B68A-6D41E225189A} = {99CD8824-F0C2-4274-B68A-6D41E225189A}
		{7019FA8E-B964-451A-B325-6E0E7143FA2C} = {7019FA8E-B964-451A-B325-6E0E7143FA2C}
	EndProjectSection
EndProject
Project("{FAE04EC0-301F-11D3-BF4B-00C04F79EFBC}") = "Crowd.Model", "Crowd.Model\Crowd.Model.csproj", "{7ECB67BC-DBF2-457E-B183-7BCD72F6CDEE}"
EndProject
Project("{FAE04EC0-301F-11D3-BF4B-00C04F79EFBC}") = "Crowd.Presenter", "Crowd.Presenter\Crowd.Presenter.csproj", "{C25A361B-3411-41E0-8F72-ADD48A9A4AF0}"
	ProjectSection(ProjectDependencies) = postProject
		{99CD8824-F0C2-4274-B68A-6D41E225189A} = {99CD8824-F0C2-4274-B68A-6D41E225189A}
		{7019FA8E-B964-451A-B325-6E0E7143FA2C} = {7019FA8E-B964-451A-B325-6E0E7143FA2C}
		{7ECB67BC-DBF2-457E-B183-7BCD72F6CDEE} = {7ECB67BC-DBF2-457E-B183-7BCD72F6CDEE}
	EndProjectSection
EndProject
Project("{FAE04EC0-301F-11D3-BF4B-00C04F79EFBC}") = "Crowd.View", "Crowd.View\Crowd.View.csproj", "{7019FA8E-B964-451A-B325-6E0E7143FA2C}"
EndProject
Project("{FAE04EC0-301F-11D3-BF4B-00C04F79EFBC}") = "Crowd.Service", "Crowd.Service\Crowd.Service.csproj", "{99CD8824-F0C2-4274-B68A-6D41E225189A}"
	ProjectSection(ProjectDependencies) = postProject
		{7ECB67BC-DBF2-457E-B183-7BCD72F6CDEE} = {7ECB67BC-DBF2-457E-B183-7BCD72F6CDEE}
	EndProjectSection
EndProject
Global
	GlobalSection(SolutionConfigurationPlatforms) = preSolution
		Debug|Any CPU = Debug|Any CPU
		Release|Any CPU = Release|Any CPU
	EndGlobalSection
	GlobalSection(ProjectConfigurationPlatforms) = postSolution
		{92B6B398-AA7D-4564-AC24-321B427B00BF}.Debug|Any CPU.ActiveCfg = Debug|Any CPU
		{92B6B398-AA7D-4564-AC24-321B427B00BF}.Debug|Any CPU.Build.0 = Debug|Any CPU
		{92B6B398-AA7D-4564-AC24-321B427B00BF}.Release|Any CPU.ActiveCfg = Release|Any CPU
		{92B6B398-AA7D-4564-AC24-321B427B00BF}.Release|Any CPU.Build.0 = Release|Any CPU
		{7ECB67BC-DBF2-457E-B183-7BCD72F6CDEE}.Debug|Any CPU.ActiveCfg = Debug|Any CPU
		{7ECB67BC-DBF2-457E-B183-7BCD72F6CDEE}.Debug|Any CPU.Build.0 = Debug|Any CPU
		{7ECB67BC-DBF2-457E-B183-7BCD72F6CDEE}.Release|Any CPU.ActiveCfg = Release|Any CPU
		{7ECB67BC-DBF2-457E-B183-7BCD72F6CDEE}.Release|Any CPU.Build.0 = Release|Any CPU
		{C25A361B-3411-41E0-8F72-ADD48A9A4AF0}.Debug|Any CPU.ActiveCfg = Debug|Any CPU
		{C25A361B-3411-41E0-8F72-ADD48A9A4AF0}.Debug|Any CPU.Build.0 = Debug|Any CPU
		{C25A361B-3411-41E0-8F72-ADD48A9A4AF0}.Release|Any CPU.ActiveCfg = Release|Any CPU
		{C25A361B-3411-41E0-8F72-ADD48A9A4AF0}.Release|Any CPU.Build.0 = Release|Any CPU
		{7019FA8E-B964-451A-B325-6E0E7143FA2C}.Debug|Any CPU.ActiveCfg = Debug|Any CPU
		{7019FA8E-B964-451A-B325-6E0E7143FA2C}.Debug|Any CPU.Build.0 = Debug|Any CPU
		{7019FA8E-B964-451A-B325-6E0E7143FA2C}.Release|Any CPU.ActiveCfg = Release|Any CPU
		{7019FA8E-B964-451A-B325-6E0E7143FA2C}.Release|Any CPU.Build.0 = Release|Any CPU
		{99CD8824-F0C2-4274-B68A-6D41E225189A}.Debug|Any CPU.ActiveCfg = Debug|Any CPU
		{99CD8824-F0C2-4274-B68A-6D41E225189A}.Debug|Any CPU.Build.0 = Debug|Any CPU
		{99CD8824-F0C2-4274-B68A-6D41E225189A}.Release|Any CPU.ActiveCfg = Release|Any CPU
		{99CD8824-F0C2-4274-B68A-6D41E225189A}.Release|Any CPU.Build.0 = Release|Any CPU
	EndGlobalSection
	GlobalSection(SolutionProperties) = preSolution
		HideSolutionNode = FALSE
	EndGlobalSection
EndGlobal
